
Microsoft Visual Studio Solution File, Format Version 12.00
# 
Project("{FAE04EC0-301F-11D3-BF4B-00C04F79EFBC}") = "RedisProxy.Backend", "RedisProxy.Backend\RedisProxy.Backend.csproj", "{4075EBD6-D975-499A-9F81-8A21CBFB438B}"
EndProject
Global
	GlobalSection(SolutionConfigurationPlatforms) = preSolution
		Debug|Any CPU = Debug|Any CPU
		Release|Any CPU = Release|Any CPU
	EndGlobalSection
	GlobalSection(ProjectConfigurationPlatforms) = postSolution
		{4075EBD6-D975-499A-9F81-8A21CBFB438B}.Debug|Any CPU.ActiveCfg = Debug|Any CPU
		{4075EBD6-D975-499A-9F81-8A21CBFB438B}.Debug|Any CPU.Build.0 = Debug|Any CPU
		{4075EBD6-D975-499A-9F81-8A21CBFB438B}.Release|Any CPU.ActiveCfg = Release|Any CPU
		{4075EBD6-D975-499A-9F81-8A21CBFB438B}.Release|Any CPU.Build.0 = Release|Any CPU
	EndGlobalSection
EndGlobal
